
Microsoft Visual Studio Solution File, Format Version 12.00
# Visual Studio Version 17
VisualStudioVersion = 17.6.33815.320
MinimumVisualStudioVersion = 10.0.40219.1
Project("{FAE04EC0-301F-11D3-BF4B-00C04F79EFBC}") = "PracticalTask", "PracticalTask\PracticalTask.csproj", "{122FF870-F0E7-44BD-9508-0E7FED8F3A54}"
EndProject
Project("{FAE04EC0-301F-11D3-BF4B-00C04F79EFBC}") = "DataAccessLayer", "DataAccessLayer\DataAccessLayer.csproj", "{C26491F9-50CE-4FFF-81C3-B0B1E51359EF}"
EndProject
Project("{FAE04EC0-301F-11D3-BF4B-00C04F79EFBC}") = "BusinessLogicLayer", "BusinessLogicLayer\BusinessLogicLayer.csproj", "{21609796-3E3B-4AD3-8E1C-2E26E988F38D}"
EndProject
Global
	GlobalSection(SolutionConfigurationPlatforms) = preSolution
		Debug|Any CPU = Debug|Any CPU
		Release|Any CPU = Release|Any CPU
	EndGlobalSection
	GlobalSection(ProjectConfigurationPlatforms) = postSolution
		{122FF870-F0E7-44BD-9508-0E7FED8F3A54}.Debug|Any CPU.ActiveCfg = Debug|Any CPU
		{122FF870-F0E7-44BD-9508-0E7FED8F3A54}.Debug|Any CPU.Build.0 = Debug|Any CPU
		{122FF870-F0E7-44BD-9508-0E7FED8F3A54}.Release|Any CPU.ActiveCfg = Release|Any CPU
		{122FF870-F0E7-44BD-9508-0E7FED8F3A54}.Release|Any CPU.Build.0 = Release|Any CPU
		{C26491F9-50CE-4FFF-81C3-B0B1E51359EF}.Debug|Any CPU.ActiveCfg = Debug|Any CPU
		{C26491F9-50CE-4FFF-81C3-B0B1E51359EF}.Debug|Any CPU.Build.0 = Debug|Any CPU
		{C26491F9-50CE-4FFF-81C3-B0B1E51359EF}.Release|Any CPU.ActiveCfg = Release|Any CPU
		{C26491F9-50CE-4FFF-81C3-B0B1E51359EF}.Release|Any CPU.Build.0 = Release|Any CPU
		{21609796-3E3B-4AD3-8E1C-2E26E988F38D}.Debug|Any CPU.ActiveCfg = Debug|Any CPU
		{21609796-3E3B-4AD3-8E1C-2E26E988F38D}.Debug|Any CPU.Build.0 = Debug|Any CPU
		{21609796-3E3B-4AD3-8E1C-2E26E988F38D}.Release|Any CPU.ActiveCfg = Release|Any CPU
		{21609796-3E3B-4AD3-8E1C-2E26E988F38D}.Release|Any CPU.Build.0 = Release|Any CPU
	EndGlobalSection
	GlobalSection(SolutionProperties) = preSolution
		HideSolutionNode = FALSE
	EndGlobalSection
	GlobalSection(ExtensibilityGlobals) = postSolution
		SolutionGuid = {C73ACB8B-72D2-4951-8C7E-BFBA600AAE1F}
	EndGlobalSection
EndGlobal
